
Microsoft Visual Studio Solution File, Format Version 12.00
# Visual Studio 14
VisualStudioVersion = 14.0.24720.0
MinimumVisualStudioVersion = 10.0.40219.1
Project("{FAE04EC0-301F-11D3-BF4B-00C04F79EFBC}") = "Core", "Core\Core.csproj", "{6A28C6E6-38CF-42F7-8359-F776B9A5BA62}"
EndProject
Project("{FAE04EC0-301F-11D3-BF4B-00C04F79EFBC}") = "Core.Test", "Core.Test\Core.Test.csproj", "{0E1EAC0F-453B-43C4-9EC2-A2350AC6119F}"
EndProject
Project("{FAE04EC0-301F-11D3-BF4B-00C04F79EFBC}") = "MQ", "MQ\MQ.csproj", "{E0848EDF-B443-4BD9-9DC6-36505581DC3B}"
EndProject
Project("{FAE04EC0-301F-11D3-BF4B-00C04F79EFBC}") = "MQ.Test", "MQ.Test\MQ.Test.csproj", "{36B69938-AF68-409E-9D17-AD6EE84CD393}"
EndProject
Project("{FAE04EC0-301F-11D3-BF4B-00C04F79EFBC}") = "DSL", "DSL\DSL.csproj", "{BFAA5AC6-3A75-484D-AE3E-9974272E7CA3}"
EndProject
Project("{FAE04EC0-301F-11D3-BF4B-00C04F79EFBC}") = "DSL.Test", "DSL.Test\DSL.Test.csproj", "{46AEF34F-78B4-4812-B271-727222092AC5}"
EndProject
Global
	GlobalSection(SolutionConfigurationPlatforms) = preSolution
		Debug|Any CPU = Debug|Any CPU
		Release|Any CPU = Release|Any CPU
	EndGlobalSection
	GlobalSection(ProjectConfigurationPlatforms) = postSolution
		{6A28C6E6-38CF-42F7-8359-F776B9A5BA62}.Debug|Any CPU.ActiveCfg = Debug|Any CPU
		{6A28C6E6-38CF-42F7-8359-F776B9A5BA62}.Debug|Any CPU.Build.0 = Debug|Any CPU
		{6A28C6E6-38CF-42F7-8359-F776B9A5BA62}.Release|Any CPU.ActiveCfg = Release|Any CPU
		{6A28C6E6-38CF-42F7-8359-F776B9A5BA62}.Release|Any CPU.Build.0 = Release|Any CPU
		{0E1EAC0F-453B-43C4-9EC2-A2350AC6119F}.Debug|Any CPU.ActiveCfg = Debug|Any CPU
		{0E1EAC0F-453B-43C4-9EC2-A2350AC6119F}.Debug|Any CPU.Build.0 = Debug|Any CPU
		{0E1EAC0F-453B-43C4-9EC2-A2350AC6119F}.Release|Any CPU.ActiveCfg = Release|Any CPU
		{0E1EAC0F-453B-43C4-9EC2-A2350AC6119F}.Release|Any CPU.Build.0 = Release|Any CPU
		{E0848EDF-B443-4BD9-9DC6-36505581DC3B}.Debug|Any CPU.ActiveCfg = Debug|Any CPU
		{E0848EDF-B443-4BD9-9DC6-36505581DC3B}.Debug|Any CPU.Build.0 = Debug|Any CPU
		{E0848EDF-B443-4BD9-9DC6-36505581DC3B}.Release|Any CPU.ActiveCfg = Release|Any CPU
		{E0848EDF-B443-4BD9-9DC6-36505581DC3B}.Release|Any CPU.Build.0 = Release|Any CPU
		{36B69938-AF68-409E-9D17-AD6EE84CD393}.Debug|Any CPU.ActiveCfg = Debug|Any CPU
		{36B69938-AF68-409E-9D17-AD6EE84CD393}.Debug|Any CPU.Build.0 = Debug|Any CPU
		{36B69938-AF68-409E-9D17-AD6EE84CD393}.Release|Any CPU.ActiveCfg = Release|Any CPU
		{36B69938-AF68-409E-9D17-AD6EE84CD393}.Release|Any CPU.Build.0 = Release|Any CPU
		{BFAA5AC6-3A75-484D-AE3E-9974272E7CA3}.Debug|Any CPU.ActiveCfg = Debug|Any CPU
		{BFAA5AC6-3A75-484D-AE3E-9974272E7CA3}.Debug|Any CPU.Build.0 = Debug|Any CPU
		{BFAA5AC6-3A75-484D-AE3E-9974272E7CA3}.Release|Any CPU.ActiveCfg = Release|Any CPU
		{BFAA5AC6-3A75-484D-AE3E-9974272E7CA3}.Release|Any CPU.Build.0 = Release|Any CPU
		{46AEF34F-78B4-4812-B271-727222092AC5}.Debug|Any CPU.ActiveCfg = Debug|Any CPU
		{46AEF34F-78B4-4812-B271-727222092AC5}.Debug|Any CPU.Build.0 = Debug|Any CPU
		{46AEF34F-78B4-4812-B271-727222092AC5}.Release|Any CPU.ActiveCfg = Release|Any CPU
		{46AEF34F-78B4-4812-B271-727222092AC5}.Release|Any CPU.Build.0 = Release|Any CPU
	EndGlobalSection
	GlobalSection(SolutionProperties) = preSolution
		HideSolutionNode = FALSE
	EndGlobalSection
EndGlobal
